// !$*UTF8*$!
{
	archiveVersion = 1;
	classes = {
	};
	objectVersion = 56;
	objects = {

/* Begin PBXBuildFile section */
		37B36AF929ACDB43006C5C8A /* BarcodeReaderforBookApp.swift in Sources */ = {isa = PBXBuildFile; fileRef = 37B36AF829ACDB43006C5C8A /* BarcodeReaderforBookApp.swift */; };
		37B36AFB29ACDB43006C5C8A /* ContentView.swift in Sources */ = {isa = PBXBuildFile; fileRef = 37B36AFA29ACDB43006C5C8A /* ContentView.swift */; };
		37B36AFD29ACDB44006C5C8A /* Assets.xcassets in Resources */ = {isa = PBXBuildFile; fileRef = 37B36AFC29ACDB44006C5C8A /* Assets.xcassets */; };
		37B36B0029ACDB44006C5C8A /* Preview Assets.xcassets in Resources */ = {isa = PBXBuildFile; fileRef = 37B36AFF29ACDB44006C5C8A /* Preview Assets.xcassets */; };
		37B36B0A29ACDB45006C5C8A /* BarcodeReaderforBookTests.swift in Sources */ = {isa = PBXBuildFile; fileRef = 37B36B0929ACDB45006C5C8A /* BarcodeReaderforBookTests.swift */; };
		37B36B1429ACDB45006C5C8A /* BarcodeReaderforBookUITests.swift in Sources */ = {isa = PBXBuildFile; fileRef = 37B36B1329ACDB45006C5C8A /* BarcodeReaderforBookUITests.swift */; };
		37B36B1629ACDB45006C5C8A /* BarcodeReaderforBookUITestsLaunchTests.swift in Sources */ = {isa = PBXBuildFile; fileRef = 37B36B1529ACDB45006C5C8A /* BarcodeReaderforBookUITestsLaunchTests.swift */; };
/* End PBXBuildFile section */

/* Begin PBXContainerItemProxy section */
		37B36B0629ACDB45006C5C8A /* PBXContainerItemProxy */ = {
			isa = PBXContainerItemProxy;
			containerPortal = 37B36AED29ACDB43006C5C8A /* Project object */;
			proxyType = 1;
			remoteGlobalIDString = 37B36AF429ACDB43006C5C8A;
			remoteInfo = BarcodeReaderforBook;
		};
		37B36B1029ACDB45006C5C8A /* PBXContainerItemProxy */ = {
			isa = PBXContainerItemProxy;
			containerPortal = 37B36AED29ACDB43006C5C8A /* Project object */;
			proxyType = 1;
			remoteGlobalIDString = 37B36AF429ACDB43006C5C8A;
			remoteInfo = BarcodeReaderforBook;
		};
/* End PBXContainerItemProxy section */

/* Begin PBXFileReference section */
		37B36AF529ACDB43006C5C8A /* BarcodeReaderforBook.app */ = {isa = PBXFileReference; explicitFileType = wrapper.application; includeInIndex = 0; path = BarcodeReaderforBook.app; sourceTree = BUILT_PRODUCTS_DIR; };
		37B36AF829ACDB43006C5C8A /* BarcodeReaderforBookApp.swift */ = {isa = PBXFileReference; lastKnownFileType = sourcecode.swift; path = BarcodeReaderforBookApp.swift; sourceTree = "<group>"; };
		37B36AFA29ACDB43006C5C8A /* ContentView.swift */ = {isa = PBXFileReference; lastKnownFileType = sourcecode.swift; path = ContentView.swift; sourceTree = "<group>"; };
		37B36AFC29ACDB44006C5C8A /* Assets.xcassets */ = {isa = PBXFileReference; lastKnownFileType = folder.assetcatalog; path = Assets.xcassets; sourceTree = "<group>"; };
		37B36AFF29ACDB44006C5C8A /* Preview Assets.xcassets */ = {isa = PBXFileReference; lastKnownFileType = folder.assetcatalog; path = "Preview Assets.xcassets"; sourceTree = "<group>"; };
		37B36B0529ACDB45006C5C8A /* BarcodeReaderforBookTests.xctest */ = {isa = PBXFileReference; explicitFileType = wrapper.cfbundle; includeInIndex = 0; path = BarcodeReaderforBookTests.xctest; sourceTree = BUILT_PRODUCTS_DIR; };
		37B36B0929ACDB45006C5C8A /* BarcodeReaderforBookTests.swift */ = {isa = PBXFileReference; lastKnownFileType = sourcecode.swift; path = BarcodeReaderforBookTests.swift; sourceTree = "<group>"; };
		37B36B0F29ACDB45006C5C8A /* BarcodeReaderforBookUITests.xctest */ = {isa = PBXFileReference; explicitFileType = wrapper.cfbundle; includeInIndex = 0; path = BarcodeReaderforBookUITests.xctest; sourceTree = BUILT_PRODUCTS_DIR; };
		37B36B1329ACDB45006C5C8A /* BarcodeReaderforBookUITests.swift */ = {isa = PBXFileReference; lastKnownFileType = sourcecode.swift; path = BarcodeReaderforBookUITests.swift; sourceTree = "<group>"; };
		37B36B1529ACDB45006C5C8A /* BarcodeReaderforBookUITestsLaunchTests.swift */ = {isa = PBXFileReference; lastKnownFileType = sourcecode.swift; path = BarcodeReaderforBookUITestsLaunchTests.swift; sourceTree = "<group>"; };
/* End PBXFileReference section */

/* Begin PBXFrameworksBuildPhase section */
		37B36AF229ACDB43006C5C8A /* Frameworks */ = {
			isa = PBXFrameworksBuildPhase;
			buildActionMask = 2147483647;
			files = (
			);
			runOnlyForDeploymentPostprocessing = 0;
		};
		37B36B0229ACDB45006C5C8A /* Frameworks */ = {
			isa = PBXFrameworksBuildPhase;
			buildActionMask = 2147483647;
			files = (
			);
			runOnlyForDeploymentPostprocessing = 0;
		};
		37B36B0C29ACDB45006C5C8A /* Frameworks */ = {
			isa = PBXFrameworksBuildPhase;
			buildActionMask = 2147483647;
			files = (
			);
			runOnlyForDeploymentPostprocessing = 0;
		};
/* End PBXFrameworksBuildPhase section */

/* Begin PBXGroup section */
		37B36AEC29ACDB43006C5C8A = {
			isa = PBXGroup;
			children = (
				37B36AF729ACDB43006C5C8A /* BarcodeReaderforBook */,
				37B36B0829ACDB45006C5C8A /* BarcodeReaderforBookTests */,
				37B36B1229ACDB45006C5C8A /* BarcodeReaderforBookUITests */,
				37B36AF629ACDB43006C5C8A /* Products */,
			);
			sourceTree = "<group>";
		};
		37B36AF629ACDB43006C5C8A /* Products */ = {
			isa = PBXGroup;
			children = (
				37B36AF529ACDB43006C5C8A /* BarcodeReaderforBook.app */,
				37B36B0529ACDB45006C5C8A /* BarcodeReaderforBookTests.xctest */,
				37B36B0F29ACDB45006C5C8A /* BarcodeReaderforBookUITests.xctest */,
			);
			name = Products;
			sourceTree = "<group>";
		};
		37B36AF729ACDB43006C5C8A /* BarcodeReaderforBook */ = {
			isa = PBXGroup;
			children = (
				37B36AF829ACDB43006C5C8A /* BarcodeReaderforBookApp.swift */,
				37B36AFA29ACDB43006C5C8A /* ContentView.swift */,
				37B36AFC29ACDB44006C5C8A /* Assets.xcassets */,
				37B36AFE29ACDB44006C5C8A /* Preview Content */,
			);
			path = BarcodeReaderforBook;
			sourceTree = "<group>";
		};
		37B36AFE29ACDB44006C5C8A /* Preview Content */ = {
			isa = PBXGroup;
			children = (
				37B36AFF29ACDB44006C5C8A /* Preview Assets.xcassets */,
			);
			path = "Preview Content";
			sourceTree = "<group>";
		};
		37B36B0829ACDB45006C5C8A /* BarcodeReaderforBookTests */ = {
			isa = PBXGroup;
			children = (
				37B36B0929ACDB45006C5C8A /* BarcodeReaderforBookTests.swift */,
			);
			path = BarcodeReaderforBookTests;
			sourceTree = "<group>";
		};
		37B36B1229ACDB45006C5C8A /* BarcodeReaderforBookUITests */ = {
			isa = PBXGroup;
			children = (
				37B36B1329ACDB45006C5C8A /* BarcodeReaderforBookUITests.swift */,
				37B36B1529ACDB45006C5C8A /* BarcodeReaderforBookUITestsLaunchTests.swift */,
			);
			path = BarcodeReaderforBookUITests;
			sourceTree = "<group>";
		};
/* End PBXGroup section */

/* Begin PBXNativeTarget section */
		37B36AF429ACDB43006C5C8A /* BarcodeReaderforBook */ = {
			isa = PBXNativeTarget;
			buildConfigurationList = 37B36B1929ACDB45006C5C8A /* Build configuration list for PBXNativeTarget "BarcodeReaderforBook" */;
			buildPhases = (
				37B36AF129ACDB43006C5C8A /* Sources */,
				37B36AF229ACDB43006C5C8A /* Frameworks */,
				37B36AF329ACDB43006C5C8A /* Resources */,
			);
			buildRules = (
			);
			dependencies = (
			);
			name = BarcodeReaderforBook;
			productName = BarcodeReaderforBook;
			productReference = 37B36AF529ACDB43006C5C8A /* BarcodeReaderforBook.app */;
			productType = "com.apple.product-type.application";
		};
		37B36B0429ACDB45006C5C8A /* BarcodeReaderforBookTests */ = {
			isa = PBXNativeTarget;
			buildConfigurationList = 37B36B1C29ACDB45006C5C8A /* Build configuration list for PBXNativeTarget "BarcodeReaderforBookTests" */;
			buildPhases = (
				37B36B0129ACDB45006C5C8A /* Sources */,
				37B36B0229ACDB45006C5C8A /* Frameworks */,
				37B36B0329ACDB45006C5C8A /* Resources */,
			);
			buildRules = (
			);
			dependencies = (
				37B36B0729ACDB45006C5C8A /* PBXTargetDependency */,
			);
			name = BarcodeReaderforBookTests;
			productName = BarcodeReaderforBookTests;
			productReference = 37B36B0529ACDB45006C5C8A /* BarcodeReaderforBookTests.xctest */;
			productType = "com.apple.product-type.bundle.unit-test";
		};
		37B36B0E29ACDB45006C5C8A /* BarcodeReaderforBookUITests */ = {
			isa = PBXNativeTarget;
			buildConfigurationList = 37B36B1F29ACDB45006C5C8A /* Build configuration list for PBXNativeTarget "BarcodeReaderforBookUITests" */;
			buildPhases = (
				37B36B0B29ACDB45006C5C8A /* Sources */,
				37B36B0C29ACDB45006C5C8A /* Frameworks */,
				37B36B0D29ACDB45006C5C8A /* Resources */,
			);
			buildRules = (
			);
			dependencies = (
				37B36B1129ACDB45006C5C8A /* PBXTargetDependency */,
			);
			name = BarcodeReaderforBookUITests;
			productName = BarcodeReaderforBookUITests;
			productReference = 37B36B0F29ACDB45006C5C8A /* BarcodeReaderforBookUITests.xctest */;
			productType = "com.apple.product-type.bundle.ui-testing";
		};
/* End PBXNativeTarget section */

/* Begin PBXProject section */
		37B36AED29ACDB43006C5C8A /* Project object */ = {
			isa = PBXProject;
			attributes = {
				BuildIndependentTargetsInParallel = 1;
				LastSwiftUpdateCheck = 1420;
				LastUpgradeCheck = 1420;
				TargetAttributes = {
					37B36AF429ACDB43006C5C8A = {
						CreatedOnToolsVersion = 14.2;
					};
					37B36B0429ACDB45006C5C8A = {
						CreatedOnToolsVersion = 14.2;
						TestTargetID = 37B36AF429ACDB43006C5C8A;
					};
					37B36B0E29ACDB45006C5C8A = {
						CreatedOnToolsVersion = 14.2;
						TestTargetID = 37B36AF429ACDB43006C5C8A;
					};
				};
			};
			buildConfigurationList = 37B36AF029ACDB43006C5C8A /* Build configuration list for PBXProject "BarcodeReaderforBook" */;
			compatibilityVersion = "Xcode 14.0";
			developmentRegion = en;
			hasScannedForEncodings = 0;
			knownRegions = (
				en,
				Base,
			);
			mainGroup = 37B36AEC29ACDB43006C5C8A;
			productRefGroup = 37B36AF629ACDB43006C5C8A /* Products */;
			projectDirPath = "";
			projectRoot = "";
			targets = (
				37B36AF429ACDB43006C5C8A /* BarcodeReaderforBook */,
				37B36B0429ACDB45006C5C8A /* BarcodeReaderforBookTests */,
				37B36B0E29ACDB45006C5C8A /* BarcodeReaderforBookUITests */,
			);
		};
/* End PBXProject section */

/* Begin PBXResourcesBuildPhase section */
		37B36AF329ACDB43006C5C8A /* Resources */ = {
			isa = PBXResourcesBuildPhase;
			buildActionMask = 2147483647;
			files = (
				37B36B0029ACDB44006C5C8A /* Preview Assets.xcassets in Resources */,
				37B36AFD29ACDB44006C5C8A /* Assets.xcassets in Resources */,
			);
			runOnlyForDeploymentPostprocessing = 0;
		};
		37B36B0329ACDB45006C5C8A /* Resources */ = {
			isa = PBXResourcesBuildPhase;
			buildActionMask = 2147483647;
			files = (
			);
			runOnlyForDeploymentPostprocessing = 0;
		};
		37B36B0D29ACDB45006C5C8A /* Resources */ = {
			isa = PBXResourcesBuildPhase;
			buildActionMask = 2147483647;
			files = (
			);
			runOnlyForDeploymentPostprocessing = 0;
		};
/* End PBXResourcesBuildPhase section */

/* Begin PBXSourcesBuildPhase section */
		37B36AF129ACDB43006C5C8A /* Sources */ = {
			isa = PBXSourcesBuildPhase;
			buildActionMask = 2147483647;
			files = (
				37B36AFB29ACDB43006C5C8A /* ContentView.swift in Sources */,
				37B36AF929ACDB43006C5C8A /* BarcodeReaderforBookApp.swift in Sources */,
			);
			runOnlyForDeploymentPostprocessing = 0;
		};
		37B36B0129ACDB45006C5C8A /* Sources */ = {
			isa = PBXSourcesBuildPhase;
			buildActionMask = 2147483647;
			files = (
				37B36B0A29ACDB45006C5C8A /* BarcodeReaderforBookTests.swift in Sources */,
			);
			runOnlyForDeploymentPostprocessing = 0;
		};
		37B36B0B29ACDB45006C5C8A /* Sources */ = {
			isa = PBXSourcesBuildPhase;
			buildActionMask = 2147483647;
			files = (
				37B36B1429ACDB45006C5C8A /* BarcodeReaderforBookUITests.swift in Sources */,
				37B36B1629ACDB45006C5C8A /* BarcodeReaderforBookUITestsLaunchTests.swift in Sources */,
			);
			runOnlyForDeploymentPostprocessing = 0;
		};
/* End PBXSourcesBuildPhase section */

/* Begin PBXTargetDependency section */
		37B36B0729ACDB45006C5C8A /* PBXTargetDependency */ = {
			isa = PBXTargetDependency;
			target = 37B36AF429ACDB43006C5C8A /* BarcodeReaderforBook */;
			targetProxy = 37B36B0629ACDB45006C5C8A /* PBXContainerItemProxy */;
		};
		37B36B1129ACDB45006C5C8A /* PBXTargetDependency */ = {
			isa = PBXTargetDependency;
			target = 37B36AF429ACDB43006C5C8A /* BarcodeReaderforBook */;
			targetProxy = 37B36B1029ACDB45006C5C8A /* PBXContainerItemProxy */;
		};
/* End PBXTargetDependency section */

/* Begin XCBuildConfiguration section */
		37B36B1729ACDB45006C5C8A /* Debug */ = {
			isa = XCBuildConfiguration;
			buildSettings = {
				ALWAYS_SEARCH_USER_PATHS = NO;
				CLANG_ANALYZER_NONNULL = YES;
				CLANG_ANALYZER_NUMBER_OBJECT_CONVERSION = YES_AGGRESSIVE;
				CLANG_CXX_LANGUAGE_STANDARD = "gnu++20";
				CLANG_ENABLE_MODULES = YES;
				CLANG_ENABLE_OBJC_ARC = YES;
				CLANG_ENABLE_OBJC_WEAK = YES;
				CLANG_WARN_BLOCK_CAPTURE_AUTORELEASING = YES;
				CLANG_WARN_BOOL_CONVERSION = YES;
				CLANG_WARN_COMMA = YES;
				CLANG_WARN_CONSTANT_CONVERSION = YES;
				CLANG_WARN_DEPRECATED_OBJC_IMPLEMENTATIONS = YES;
				CLANG_WARN_DIRECT_OBJC_ISA_USAGE = YES_ERROR;
				CLANG_WARN_DOCUMENTATION_COMMENTS = YES;
				CLANG_WARN_EMPTY_BODY = YES;
				CLANG_WARN_ENUM_CONVERSION = YES;
				CLANG_WARN_INFINITE_RECURSION = YES;
				CLANG_WARN_INT_CONVERSION = YES;
				CLANG_WARN_NON_LITERAL_NULL_CONVERSION = YES;
				CLANG_WARN_OBJC_IMPLICIT_RETAIN_SELF = YES;
				CLANG_WARN_OBJC_LITERAL_CONVERSION = YES;
				CLANG_WARN_OBJC_ROOT_CLASS = YES_ERROR;
				CLANG_WARN_QUOTED_INCLUDE_IN_FRAMEWORK_HEADER = YES;
				CLANG_WARN_RANGE_LOOP_ANALYSIS = YES;
				CLANG_WARN_STRICT_PROTOTYPES = YES;
				CLANG_WARN_SUSPICIOUS_MOVE = YES;
				CLANG_WARN_UNGUARDED_AVAILABILITY = YES_AGGRESSIVE;
				CLANG_WARN_UNREACHABLE_CODE = YES;
				CLANG_WARN__DUPLICATE_METHOD_MATCH = YES;
				COPY_PHASE_STRIP = NO;
				DEBUG_INFORMATION_FORMAT = dwarf;
				ENABLE_STRICT_OBJC_MSGSEND = YES;
				ENABLE_TESTABILITY = YES;
				GCC_C_LANGUAGE_STANDARD = gnu11;
				GCC_DYNAMIC_NO_PIC = NO;
				GCC_NO_COMMON_BLOCKS = YES;
				GCC_OPTIMIZATION_LEVEL = 0;
				GCC_PREPROCESSOR_DEFINITIONS = (
					"DEBUG=1",
					"$(inherited)",
				);
				GCC_WARN_64_TO_32_BIT_CONVERSION = YES;
				GCC_WARN_ABOUT_RETURN_TYPE = YES_ERROR;
				GCC_WARN_UNDECLARED_SELECTOR = YES;
				GCC_WARN_UNINITIALIZED_AUTOS = YES_AGGRESSIVE;
				GCC_WARN_UNUSED_FUNCTION = YES;
				GCC_WARN_UNUSED_VARIABLE = YES;
				IPHONEOS_DEPLOYMENT_TARGET = 16.2;
				MTL_ENABLE_DEBUG_INFO = INCLUDE_SOURCE;
				MTL_FAST_MATH = YES;
				ONLY_ACTIVE_ARCH = YES;
				SDKROOT = iphoneos;
				SWIFT_ACTIVE_COMPILATION_CONDITIONS = DEBUG;
				SWIFT_OPTIMIZATION_LEVEL = "-Onone";
			};
			name = Debug;
		};
		37B36B1829ACDB45006C5C8A /* Release */ = {
			isa = XCBuildConfiguration;
			buildSettings = {
				ALWAYS_SEARCH_USER_PATHS = NO;
				CLANG_ANALYZER_NONNULL = YES;
				CLANG_ANALYZER_NUMBER_OBJECT_CONVERSION = YES_AGGRESSIVE;
				CLANG_CXX_LANGUAGE_STANDARD = "gnu++20";
				CLANG_ENABLE_MODULES = YES;
				CLANG_ENABLE_OBJC_ARC = YES;
				CLANG_ENABLE_OBJC_WEAK = YES;
				CLANG_WARN_BLOCK_CAPTURE_AUTORELEASING = YES;
				CLANG_WARN_BOOL_CONVERSION = YES;
				CLANG_WARN_COMMA = YES;
				CLANG_WARN_CONSTANT_CONVERSION = YES;
				CLANG_WARN_DEPRECATED_OBJC_IMPLEMENTATIONS = YES;
				CLANG_WARN_DIRECT_OBJC_ISA_USAGE = YES_ERROR;
				CLANG_WARN_DOCUMENTATION_COMMENTS = YES;
				CLANG_WARN_EMPTY_BODY = YES;
				CLANG_WARN_ENUM_CONVERSION = YES;
				CLANG_WARN_INFINITE_RECURSION = YES;
				CLANG_WARN_INT_CONVERSION = YES;
				CLANG_WARN_NON_LITERAL_NULL_CONVERSION = YES;
				CLANG_WARN_OBJC_IMPLICIT_RETAIN_SELF = YES;
				CLANG_WARN_OBJC_LITERAL_CONVERSION = YES;
				CLANG_WARN_OBJC_ROOT_CLASS = YES_ERROR;
				CLANG_WARN_QUOTED_INCLUDE_IN_FRAMEWORK_HEADER = YES;
				CLANG_WARN_RANGE_LOOP_ANALYSIS = YES;
				CLANG_WARN_STRICT_PROTOTYPES = YES;
				CLANG_WARN_SUSPICIOUS_MOVE = YES;
				CLANG_WARN_UNGUARDED_AVAILABILITY = YES_AGGRESSIVE;
				CLANG_WARN_UNREACHABLE_CODE = YES;
				CLANG_WARN__DUPLICATE_METHOD_MATCH = YES;
				COPY_PHASE_STRIP = NO;
				DEBUG_INFORMATION_FORMAT = "dwarf-with-dsym";
				ENABLE_NS_ASSERTIONS = NO;
				ENABLE_STRICT_OBJC_MSGSEND = YES;
				GCC_C_LANGUAGE_STANDARD = gnu11;
				GCC_NO_COMMON_BLOCKS = YES;
				GCC_WARN_64_TO_32_BIT_CONVERSION = YES;
				GCC_WARN_ABOUT_RETURN_TYPE = YES_ERROR;
				GCC_WARN_UNDECLARED_SELECTOR = YES;
				GCC_WARN_UNINITIALIZED_AUTOS = YES_AGGRESSIVE;
				GCC_WARN_UNUSED_FUNCTION = YES;
				GCC_WARN_UNUSED_VARIABLE = YES;
				IPHONEOS_DEPLOYMENT_TARGET = 16.2;
				MTL_ENABLE_DEBUG_INFO = NO;
				MTL_FAST_MATH = YES;
				SDKROOT = iphoneos;
				SWIFT_COMPILATION_MODE = wholemodule;
				SWIFT_OPTIMIZATION_LEVEL = "-O";
				VALIDATE_PRODUCT = YES;
			};
			name = Release;
		};
		37B36B1A29ACDB45006C5C8A /* Debug */ = {
			isa = XCBuildConfiguration;
			buildSettings = {
				ASSETCATALOG_COMPILER_APPICON_NAME = AppIcon;
				ASSETCATALOG_COMPILER_GLOBAL_ACCENT_COLOR_NAME = AccentColor;
				CODE_SIGN_STYLE = Automatic;
				CURRENT_PROJECT_VERSION = 1;
				DEVELOPMENT_ASSET_PATHS = "\"BarcodeReaderforBook/Preview Content\"";
				DEVELOPMENT_TEAM = 3264V2VMB2;
				ENABLE_PREVIEWS = YES;
				GENERATE_INFOPLIST_FILE = YES;
				INFOPLIST_KEY_UIApplicationSceneManifest_Generation = YES;
				INFOPLIST_KEY_UIApplicationSupportsIndirectInputEvents = YES;
				INFOPLIST_KEY_UILaunchScreen_Generation = YES;
				INFOPLIST_KEY_UISupportedInterfaceOrientations_iPad = "UIInterfaceOrientationPortrait UIInterfaceOrientationPortraitUpsideDown UIInterfaceOrientationLandscapeLeft UIInterfaceOrientationLandscapeRight";
				INFOPLIST_KEY_UISupportedInterfaceOrientations_iPhone = "UIInterfaceOrientationPortrait UIInterfaceOrientationLandscapeLeft UIInterfaceOrientationLandscapeRight";
				LD_RUNPATH_SEARCH_PATHS = (
					"$(inherited)",
					"@executable_path/Frameworks",
				);
				MARKETING_VERSION = 1.0;
				PRODUCT_BUNDLE_IDENTIFIER = com.amamamam.BarcodeReaderforBook;
				PRODUCT_NAME = "$(TARGET_NAME)";
				SWIFT_EMIT_LOC_STRINGS = YES;
				SWIFT_VERSION = 5.0;
				TARGETED_DEVICE_FAMILY = "1,2";
			};
			name = Debug;
		};
		37B36B1B29ACDB45006C5C8A /* Release */ = {
			isa = XCBuildConfiguration;
			buildSettings = {
				ASSETCATALOG_COMPILER_APPICON_NAME = AppIcon;
				ASSETCATALOG_COMPILER_GLOBAL_ACCENT_COLOR_NAME = AccentColor;
				CODE_SIGN_STYLE = Automatic;
				CURRENT_PROJECT_VERSION = 1;
				DEVELOPMENT_ASSET_PATHS = "\"BarcodeReaderforBook/Preview Content\"";
				DEVELOPMENT_TEAM = 3264V2VMB2;
				ENABLE_PREVIEWS = YES;
				GENERATE_INFOPLIST_FILE = YES;
				INFOPLIST_KEY_UIApplicationSceneManifest_Generation = YES;
				INFOPLIST_KEY_UIApplicationSupportsIndirectInputEvents = YES;
				INFOPLIST_KEY_UILaunchScreen_Generation = YES;
				INFOPLIST_KEY_UISupportedInterfaceOrientations_iPad = "UIInterfaceOrientationPortrait UIInterfaceOrientationPortraitUpsideDown UIInterfaceOrientationLandscapeLeft UIInterfaceOrientationLandscapeRight";
				INFOPLIST_KEY_UISupportedInterfaceOrientations_iPhone = "UIInterfaceOrientationPortrait UIInterfaceOrientationLandscapeLeft UIInterfaceOrientationLandscapeRight";
				LD_RUNPATH_SEARCH_PATHS = (
					"$(inherited)",
					"@executable_path/Frameworks",
				);
				MARKETING_VERSION = 1.0;
				PRODUCT_BUNDLE_IDENTIFIER = com.amamamam.BarcodeReaderforBook;
				PRODUCT_NAME = "$(TARGET_NAME)";
				SWIFT_EMIT_LOC_STRINGS = YES;
				SWIFT_VERSION = 5.0;
				TARGETED_DEVICE_FAMILY = "1,2";
			};
			name = Release;
		};
		37B36B1D29ACDB45006C5C8A /* Debug */ = {
			isa = XCBuildConfiguration;
			buildSettings = {
				ALWAYS_EMBED_SWIFT_STANDARD_LIBRARIES = YES;
				BUNDLE_LOADER = "$(TEST_HOST)";
				CODE_SIGN_STYLE = Automatic;
				CURRENT_PROJECT_VERSION = 1;
				DEVELOPMENT_TEAM = 3264V2VMB2;
				GENERATE_INFOPLIST_FILE = YES;
				IPHONEOS_DEPLOYMENT_TARGET = 16.2;
				MARKETING_VERSION = 1.0;
				PRODUCT_BUNDLE_IDENTIFIER = com.amamamam.BarcodeReaderforBookTests;
				PRODUCT_NAME = "$(TARGET_NAME)";
				SWIFT_EMIT_LOC_STRINGS = NO;
				SWIFT_VERSION = 5.0;
				TARGETED_DEVICE_FAMILY = "1,2";
				TEST_HOST = "$(BUILT_PRODUCTS_DIR)/BarcodeReaderforBook.app/$(BUNDLE_EXECUTABLE_FOLDER_PATH)/BarcodeReaderforBook";
			};
			name = Debug;
		};
		37B36B1E29ACDB45006C5C8A /* Release */ = {
			isa = XCBuildConfiguration;
			buildSettings = {
				ALWAYS_EMBED_SWIFT_STANDARD_LIBRARIES = YES;
				BUNDLE_LOADER = "$(TEST_HOST)";
				CODE_SIGN_STYLE = Automatic;
				CURRENT_PROJECT_VERSION = 1;
				DEVELOPMENT_TEAM = 3264V2VMB2;
				GENERATE_INFOPLIST_FILE = YES;
				IPHONEOS_DEPLOYMENT_TARGET = 16.2;
				MARKETING_VERSION = 1.0;
				PRODUCT_BUNDLE_IDENTIFIER = com.amamamam.BarcodeReaderforBookTests;
				PRODUCT_NAME = "$(TARGET_NAME)";
				SWIFT_EMIT_LOC_STRINGS = NO;
				SWIFT_VERSION = 5.0;
				TARGETED_DEVICE_FAMILY = "1,2";
				TEST_HOST = "$(BUILT_PRODUCTS_DIR)/BarcodeReaderforBook.app/$(BUNDLE_EXECUTABLE_FOLDER_PATH)/BarcodeReaderforBook";
			};
			name = Release;
		};
		37B36B2029ACDB45006C5C8A /* Debug */ = {
			isa = XCBuildConfiguration;
			buildSettings = {
				ALWAYS_EMBED_SWIFT_STANDARD_LIBRARIES = YES;
				CODE_SIGN_STYLE = Automatic;
				CURRENT_PROJECT_VERSION = 1;
				DEVELOPMENT_TEAM = 3264V2VMB2;
				GENERATE_INFOPLIST_FILE = YES;
				MARKETING_VERSION = 1.0;
				PRODUCT_BUNDLE_IDENTIFIER = com.amamamam.BarcodeReaderforBookUITests;
				PRODUCT_NAME = "$(TARGET_NAME)";
				SWIFT_EMIT_LOC_STRINGS = NO;
				SWIFT_VERSION = 5.0;
				TARGETED_DEVICE_FAMILY = "1,2";
				TEST_TARGET_NAME = BarcodeReaderforBook;
			};
			name = Debug;
		};
		37B36B2129ACDB45006C5C8A /* Release */ = {
			isa = XCBuildConfiguration;
			buildSettings = {
				ALWAYS_EMBED_SWIFT_STANDARD_LIBRARIES = YES;
				CODE_SIGN_STYLE = Automatic;
				CURRENT_PROJECT_VERSION = 1;
				DEVELOPMENT_TEAM = 3264V2VMB2;
				GENERATE_INFOPLIST_FILE = YES;
				MARKETING_VERSION = 1.0;
				PRODUCT_BUNDLE_IDENTIFIER = com.amamamam.BarcodeReaderforBookUITests;
				PRODUCT_NAME = "$(TARGET_NAME)";
				SWIFT_EMIT_LOC_STRINGS = NO;
				SWIFT_VERSION = 5.0;
				TARGETED_DEVICE_FAMILY = "1,2";
				TEST_TARGET_NAME = BarcodeReaderforBook;
			};
			name = Release;
		};
/* End XCBuildConfiguration section */

/* Begin XCConfigurationList section */
		37B36AF029ACDB43006C5C8A /* Build configuration list for PBXProject "BarcodeReaderforBook" */ = {
			isa = XCConfigurationList;
			buildConfigurations = (
				37B36B1729ACDB45006C5C8A /* Debug */,
				37B36B1829ACDB45006C5C8A /* Release */,
			);
			defaultConfigurationIsVisible = 0;
			defaultConfigurationName = Release;
		};
		37B36B1929ACDB45006C5C8A /* Build configuration list for PBXNativeTarget "BarcodeReaderforBook" */ = {
			isa = XCConfigurationList;
			buildConfigurations = (
				37B36B1A29ACDB45006C5C8A /* Debug */,
				37B36B1B29ACDB45006C5C8A /* Release */,
			);
			defaultConfigurationIsVisible = 0;
			defaultConfigurationName = Release;
		};
		37B36B1C29ACDB45006C5C8A /* Build configuration list for PBXNativeTarget "BarcodeReaderforBookTests" */ = {
			isa = XCConfigurationList;
			buildConfigurations = (
				37B36B1D29ACDB45006C5C8A /* Debug */,
				37B36B1E29ACDB45006C5C8A /* Release */,
			);
			defaultConfigurationIsVisible = 0;
			defaultConfigurationName = Release;
		};
		37B36B1F29ACDB45006C5C8A /* Build configuration list for PBXNativeTarget "BarcodeReaderforBookUITests" */ = {
			isa = XCConfigurationList;
			buildConfigurations = (
				37B36B2029ACDB45006C5C8A /* Debug */,
				37B36B2129ACDB45006C5C8A /* Release */,
			);
			defaultConfigurationIsVisible = 0;
			defaultConfigurationName = Release;
		};
/* End XCConfigurationList section */
	};
	rootObject = 37B36AED29ACDB43006C5C8A /* Project object */;
}
